
Microsoft Visual Studio Solution File, Format Version 12.00
# Visual Studio 2012
Project("{FAE04EC0-301F-11D3-BF4B-00C04F79EFBC}") = "team_covid_19", "team_covid_19\team_covid_19.csproj", "{05519716-4022-4D92-B8F2-4B5FA0462EBA}"
EndProject
Global
	GlobalSection(SolutionConfigurationPlatforms) = preSolution
		Debug|Any CPU = Debug|Any CPU
		Release|Any CPU = Release|Any CPU
	EndGlobalSection
	GlobalSection(ProjectConfigurationPlatforms) = postSolution
		{05519716-4022-4D92-B8F2-4B5FA0462EBA}.Debug|Any CPU.ActiveCfg = Debug|Any CPU
		{05519716-4022-4D92-B8F2-4B5FA0462EBA}.Debug|Any CPU.Build.0 = Debug|Any CPU
		{05519716-4022-4D92-B8F2-4B5FA0462EBA}.Release|Any CPU.ActiveCfg = Release|Any CPU
		{05519716-4022-4D92-B8F2-4B5FA0462EBA}.Release|Any CPU.Build.0 = Release|Any CPU
	EndGlobalSection
	GlobalSection(SolutionProperties) = preSolution
		HideSolutionNode = FALSE
	EndGlobalSection
EndGlobal
